
Microsoft Visual Studio Solution File, Format Version 12.00
# Visual Studio Version 17
VisualStudioVersion = 17.9.34723.18
MinimumVisualStudioVersion = 10.0.40219.1
Project("{FAE04EC0-301F-11D3-BF4B-00C04F79EFBC}") = "WeatherApp", "WeatherApp.csproj", "{9BFF38B1-DF50-4EAA-B5E7-0E249241FE21}"
EndProject
Global
	GlobalSection(SolutionConfigurationPlatforms) = preSolution
		Debug|Any CPU = Debug|Any CPU
		Release|Any CPU = Release|Any CPU
	EndGlobalSection
	GlobalSection(ProjectConfigurationPlatforms) = postSolution
		{9BFF38B1-DF50-4EAA-B5E7-0E249241FE21}.Debug|Any CPU.ActiveCfg = Debug|Any CPU
		{9BFF38B1-DF50-4EAA-B5E7-0E249241FE21}.Debug|Any CPU.Build.0 = Debug|Any CPU
		{9BFF38B1-DF50-4EAA-B5E7-0E249241FE21}.Release|Any CPU.ActiveCfg = Release|Any CPU
		{9BFF38B1-DF50-4EAA-B5E7-0E249241FE21}.Release|Any CPU.Build.0 = Release|Any CPU
	EndGlobalSection
	GlobalSection(SolutionProperties) = preSolution
		HideSolutionNode = FALSE
	EndGlobalSection
	GlobalSection(ExtensibilityGlobals) = postSolution
		SolutionGuid = {53FA1D08-75E2-4FFD-87E2-D4C444B2F14E}
	EndGlobalSection
EndGlobal
